
Microsoft Visual Studio Solution File, Format Version 12.00
# Visual Studio Version 17
VisualStudioVersion = 17.1.32210.238
MinimumVisualStudioVersion = 10.0.40219.1
Project("{FAE04EC0-301F-11D3-BF4B-00C04F79EFBC}") = "Convert_number(Console)", "Convert_number(Console)\Convert_number(Console).csproj", "{6B3337E7-263D-4881-BA28-B75E9A555DBF}"
EndProject
Global
	GlobalSection(SolutionConfigurationPlatforms) = preSolution
		Debug|Any CPU = Debug|Any CPU
		Release|Any CPU = Release|Any CPU
	EndGlobalSection
	GlobalSection(ProjectConfigurationPlatforms) = postSolution
		{6B3337E7-263D-4881-BA28-B75E9A555DBF}.Debug|Any CPU.ActiveCfg = Debug|Any CPU
		{6B3337E7-263D-4881-BA28-B75E9A555DBF}.Debug|Any CPU.Build.0 = Debug|Any CPU
		{6B3337E7-263D-4881-BA28-B75E9A555DBF}.Release|Any CPU.ActiveCfg = Release|Any CPU
		{6B3337E7-263D-4881-BA28-B75E9A555DBF}.Release|Any CPU.Build.0 = Release|Any CPU
	EndGlobalSection
	GlobalSection(SolutionProperties) = preSolution
		HideSolutionNode = FALSE
	EndGlobalSection
	GlobalSection(ExtensibilityGlobals) = postSolution
		SolutionGuid = {AA2A434E-54EE-4C84-AEDC-581C762CE5A3}
	EndGlobalSection
EndGlobal
