
Microsoft Visual Studio Solution File, Format Version 12.00
# Visual Studio Version 17
VisualStudioVersion = 17.2.32630.192
MinimumVisualStudioVersion = 10.0.40219.1
Project("{FAE04EC0-301F-11D3-BF4B-00C04F79EFBC}") = "predicting_the_future", "predicting_the_future\predicting_the_future.csproj", "{E542DFB8-D65F-474E-924E-B55BF5AB51F1}"
EndProject
Global
	GlobalSection(SolutionConfigurationPlatforms) = preSolution
		Debug|Any CPU = Debug|Any CPU
		Release|Any CPU = Release|Any CPU
	EndGlobalSection
	GlobalSection(ProjectConfigurationPlatforms) = postSolution
		{E542DFB8-D65F-474E-924E-B55BF5AB51F1}.Debug|Any CPU.ActiveCfg = Debug|Any CPU
		{E542DFB8-D65F-474E-924E-B55BF5AB51F1}.Debug|Any CPU.Build.0 = Debug|Any CPU
		{E542DFB8-D65F-474E-924E-B55BF5AB51F1}.Release|Any CPU.ActiveCfg = Release|Any CPU
		{E542DFB8-D65F-474E-924E-B55BF5AB51F1}.Release|Any CPU.Build.0 = Release|Any CPU
	EndGlobalSection
	GlobalSection(SolutionProperties) = preSolution
		HideSolutionNode = FALSE
	EndGlobalSection
	GlobalSection(ExtensibilityGlobals) = postSolution
		SolutionGuid = {E42C6637-7D28-4097-8929-DDDD9344E9C1}
	EndGlobalSection
EndGlobal
